
Microsoft Visual Studio Solution File, Format Version 12.00
# Visual Studio 15
Project("{FAE04EC0-301F-11D3-BF4B-00C04F79EFBC}") = "Assembly-CSharp", "Assembly-CSharp.csproj", "{650783B7-4917-1C45-2542-A63ECCC9D759}"
EndProject
Project("{FAE04EC0-301F-11D3-BF4B-00C04F79EFBC}") = "Assembly-CSharp-Editor", "Assembly-CSharp-Editor.csproj", "{D9116633-C03D-A230-6C6A-D872CF3678BD}"
EndProject
Global
	GlobalSection(SolutionConfigurationPlatforms) = preSolution
		Debug|Any CPU = Debug|Any CPU
		Release|Any CPU = Release|Any CPU
	EndGlobalSection
	GlobalSection(ProjectConfigurationPlatforms) = postSolution
		{650783B7-4917-1C45-2542-A63ECCC9D759}.Debug|Any CPU.ActiveCfg = Debug|Any CPU
		{650783B7-4917-1C45-2542-A63ECCC9D759}.Debug|Any CPU.Build.0 = Debug|Any CPU
		{650783B7-4917-1C45-2542-A63ECCC9D759}.Release|Any CPU.ActiveCfg = Release|Any CPU
		{650783B7-4917-1C45-2542-A63ECCC9D759}.Release|Any CPU.Build.0 = Release|Any CPU
		{D9116633-C03D-A230-6C6A-D872CF3678BD}.Debug|Any CPU.ActiveCfg = Debug|Any CPU
		{D9116633-C03D-A230-6C6A-D872CF3678BD}.Debug|Any CPU.Build.0 = Debug|Any CPU
		{D9116633-C03D-A230-6C6A-D872CF3678BD}.Release|Any CPU.ActiveCfg = Release|Any CPU
		{D9116633-C03D-A230-6C6A-D872CF3678BD}.Release|Any CPU.Build.0 = Release|Any CPU
	EndGlobalSection
	GlobalSection(SolutionProperties) = preSolution
		HideSolutionNode = FALSE
	EndGlobalSection
EndGlobal
